Microsoft Visual Studio Solution File, Format Version 12.00
# Visual Studio Version 17
VisualStudioVersion = 17.0.31903.59
MinimumVisualStudioVersion = 10.0.40219.1
Project("{FAE04EC0-301F-11D3-BF4B-00C04F79EFBC}") = "SectorGaza.Model", "src\SectorGaza.Model\SectorGaza.Model.csproj", "{9A3E85D6-D4E8-4D02-A4BA-9D4716C77910}"
EndProject
Project("{FAE04EC0-301F-11D3-BF4B-00C04F79EFBC}") = "SectorGaza.WinForms", "src\SectorGaza.WinForms\SectorGaza.WinForms.csproj", "{6F16B1C5-B6D4-4A38-8F7F-437FFB8F1578}"
EndProject
Project("{FAE04EC0-301F-11D3-BF4B-00C04F79EFBC}") = "SectorGaza.Model.Tests", "src\SectorGaza.Model.Tests\SectorGaza.Model.Tests.csproj", "{8D9D8B7E-1F8E-4258-8BEA-8ED15A4839E3}"
EndProject
Global
	GlobalSection(SolutionConfigurationPlatforms) = preSolution
		Debug|Any CPU = Debug|Any CPU
		Release|Any CPU = Release|Any CPU
	EndGlobalSection
	GlobalSection(ProjectConfigurationPlatforms) = postSolution
		{9A3E85D6-D4E8-4D02-A4BA-9D4716C77910}.Debug|Any CPU.ActiveCfg = Debug|Any CPU
		{9A3E85D6-D4E8-4D02-A4BA-9D4716C77910}.Debug|Any CPU.Build.0 = Debug|Any CPU
		{9A3E85D6-D4E8-4D02-A4BA-9D4716C77910}.Release|Any CPU.ActiveCfg = Release|Any CPU
		{9A3E85D6-D4E8-4D02-A4BA-9D4716C77910}.Release|Any CPU.Build.0 = Release|Any CPU
		{6F16B1C5-B6D4-4A38-8F7F-437FFB8F1578}.Debug|Any CPU.ActiveCfg = Debug|Any CPU
		{6F16B1C5-B6D4-4A38-8F7F-437FFB8F1578}.Debug|Any CPU.Build.0 = Debug|Any CPU
		{6F16B1C5-B6D4-4A38-8F7F-437FFB8F1578}.Release|Any CPU.ActiveCfg = Release|Any CPU
		{6F16B1C5-B6D4-4A38-8F7F-437FFB8F1578}.Release|Any CPU.Build.0 = Release|Any CPU
		{8D9D8B7E-1F8E-4258-8BEA-8ED15A4839E3}.Debug|Any CPU.ActiveCfg = Debug|Any CPU
		{8D9D8B7E-1F8E-4258-8BEA-8ED15A4839E3}.Debug|Any CPU.Build.0 = Debug|Any CPU
		{8D9D8B7E-1F8E-4258-8BEA-8ED15A4839E3}.Release|Any CPU.ActiveCfg = Release|Any CPU
		{8D9D8B7E-1F8E-4258-8BEA-8ED15A4839E3}.Release|Any CPU.Build.0 = Release|Any CPU
	EndGlobalSection
	GlobalSection(SolutionProperties) = preSolution
		HideSolutionNode = FALSE
	EndGlobalSection
EndGlobal
